
Microsoft Visual Studio Solution File, Format Version 12.00
# Visual Studio 14
VisualStudioVersion = 14.0.25420.1
MinimumVisualStudioVersion = 10.0.40219.1
Project("{FAE04EC0-301F-11D3-BF4B-00C04F79EFBC}") = "XMapper", "XMapper\XMapper.csproj", "{53395937-87E0-4B42-A403-B6AD95579410}"
EndProject
Project("{FAE04EC0-301F-11D3-BF4B-00C04F79EFBC}") = "Test", "Test\Test.csproj", "{9DA23E02-F822-4A7A-8777-857B2A48175E}"
EndProject
Project("{FAE04EC0-301F-11D3-BF4B-00C04F79EFBC}") = "TinyMapper", "TinyMapper\TinyMapper.csproj", "{C7EBD676-248B-484A-A5CB-DF879670652A}"
EndProject
Project("{FAE04EC0-301F-11D3-BF4B-00C04F79EFBC}") = "UnitTests", "UnitTests\UnitTests.csproj", "{0537D08C-3A73-4F2A-866B-2219E6A336DE}"
EndProject
Global
	GlobalSection(SolutionConfigurationPlatforms) = preSolution
		Debug|Any CPU = Debug|Any CPU
		Debug|x64 = Debug|x64
		Release 3.0|Any CPU = Release 3.0|Any CPU
		Release 3.0|x64 = Release 3.0|x64
		Release 3.5|Any CPU = Release 3.5|Any CPU
		Release 3.5|x64 = Release 3.5|x64
		Release 4.0|Any CPU = Release 4.0|Any CPU
		Release 4.0|x64 = Release 4.0|x64
		Release|Any CPU = Release|Any CPU
		Release|x64 = Release|x64
		XDEBUG|Any CPU = XDEBUG|Any CPU
		XDEBUG|x64 = XDEBUG|x64
	EndGlobalSection
	GlobalSection(ProjectConfigurationPlatforms) = postSolution
		{53395937-87E0-4B42-A403-B6AD95579410}.Debug|Any CPU.ActiveCfg = Debug|Any CPU
		{53395937-87E0-4B42-A403-B6AD95579410}.Debug|Any CPU.Build.0 = Debug|Any CPU
		{53395937-87E0-4B42-A403-B6AD95579410}.Debug|x64.ActiveCfg = Debug|Any CPU
		{53395937-87E0-4B42-A403-B6AD95579410}.Debug|x64.Build.0 = Debug|Any CPU
		{53395937-87E0-4B42-A403-B6AD95579410}.Release 3.0|Any CPU.ActiveCfg = Release|Any CPU
		{53395937-87E0-4B42-A403-B6AD95579410}.Release 3.0|Any CPU.Build.0 = Release|Any CPU
		{53395937-87E0-4B42-A403-B6AD95579410}.Release 3.0|x64.ActiveCfg = Release|Any CPU
		{53395937-87E0-4B42-A403-B6AD95579410}.Release 3.0|x64.Build.0 = Release|Any CPU
		{53395937-87E0-4B42-A403-B6AD95579410}.Release 3.5|Any CPU.ActiveCfg = Release|Any CPU
		{53395937-87E0-4B42-A403-B6AD95579410}.Release 3.5|Any CPU.Build.0 = Release|Any CPU
		{53395937-87E0-4B42-A403-B6AD95579410}.Release 3.5|x64.ActiveCfg = Release|Any CPU
		{53395937-87E0-4B42-A403-B6AD95579410}.Release 3.5|x64.Build.0 = Release|Any CPU
		{53395937-87E0-4B42-A403-B6AD95579410}.Release 4.0|Any CPU.ActiveCfg = Release|Any CPU
		{53395937-87E0-4B42-A403-B6AD95579410}.Release 4.0|Any CPU.Build.0 = Release|Any CPU
		{53395937-87E0-4B42-A403-B6AD95579410}.Release 4.0|x64.ActiveCfg = Release|Any CPU
		{53395937-87E0-4B42-A403-B6AD95579410}.Release 4.0|x64.Build.0 = Release|Any CPU
		{53395937-87E0-4B42-A403-B6AD95579410}.Release|Any CPU.ActiveCfg = Release|Any CPU
		{53395937-87E0-4B42-A403-B6AD95579410}.Release|Any CPU.Build.0 = Release|Any CPU
		{53395937-87E0-4B42-A403-B6AD95579410}.Release|x64.ActiveCfg = Release|Any CPU
		{53395937-87E0-4B42-A403-B6AD95579410}.Release|x64.Build.0 = Release|Any CPU
		{53395937-87E0-4B42-A403-B6AD95579410}.XDEBUG|Any CPU.ActiveCfg = Release|Any CPU
		{53395937-87E0-4B42-A403-B6AD95579410}.XDEBUG|Any CPU.Build.0 = Release|Any CPU
		{53395937-87E0-4B42-A403-B6AD95579410}.XDEBUG|x64.ActiveCfg = Release|Any CPU
		{53395937-87E0-4B42-A403-B6AD95579410}.XDEBUG|x64.Build.0 = Release|Any CPU
		{9DA23E02-F822-4A7A-8777-857B2A48175E}.Debug|Any CPU.ActiveCfg = Debug|Any CPU
		{9DA23E02-F822-4A7A-8777-857B2A48175E}.Debug|Any CPU.Build.0 = Debug|Any CPU
		{9DA23E02-F822-4A7A-8777-857B2A48175E}.Debug|x64.ActiveCfg = Debug|Any CPU
		{9DA23E02-F822-4A7A-8777-857B2A48175E}.Debug|x64.Build.0 = Debug|Any CPU
		{9DA23E02-F822-4A7A-8777-857B2A48175E}.Release 3.0|Any CPU.ActiveCfg = Release|Any CPU
		{9DA23E02-F822-4A7A-8777-857B2A48175E}.Release 3.0|Any CPU.Build.0 = Release|Any CPU
		{9DA23E02-F822-4A7A-8777-857B2A48175E}.Release 3.0|x64.ActiveCfg = Release|Any CPU
		{9DA23E02-F822-4A7A-8777-857B2A48175E}.Release 3.0|x64.Build.0 = Release|Any CPU
		{9DA23E02-F822-4A7A-8777-857B2A48175E}.Release 3.5|Any CPU.ActiveCfg = Release|Any CPU
		{9DA23E02-F822-4A7A-8777-857B2A48175E}.Release 3.5|Any CPU.Build.0 = Release|Any CPU
		{9DA23E02-F822-4A7A-8777-857B2A48175E}.Release 3.5|x64.ActiveCfg = Release|Any CPU
		{9DA23E02-F822-4A7A-8777-857B2A48175E}.Release 3.5|x64.Build.0 = Release|Any CPU
		{9DA23E02-F822-4A7A-8777-857B2A48175E}.Release 4.0|Any CPU.ActiveCfg = Release|Any CPU
		{9DA23E02-F822-4A7A-8777-857B2A48175E}.Release 4.0|Any CPU.Build.0 = Release|Any CPU
		{9DA23E02-F822-4A7A-8777-857B2A48175E}.Release 4.0|x64.ActiveCfg = Release|Any CPU
		{9DA23E02-F822-4A7A-8777-857B2A48175E}.Release 4.0|x64.Build.0 = Release|Any CPU
		{9DA23E02-F822-4A7A-8777-857B2A48175E}.Release|Any CPU.ActiveCfg = Release|Any CPU
		{9DA23E02-F822-4A7A-8777-857B2A48175E}.Release|Any CPU.Build.0 = Release|Any CPU
		{9DA23E02-F822-4A7A-8777-857B2A48175E}.Release|x64.ActiveCfg = Release|Any CPU
		{9DA23E02-F822-4A7A-8777-857B2A48175E}.Release|x64.Build.0 = Release|Any CPU
		{9DA23E02-F822-4A7A-8777-857B2A48175E}.XDEBUG|Any CPU.ActiveCfg = Release|Any CPU
		{9DA23E02-F822-4A7A-8777-857B2A48175E}.XDEBUG|Any CPU.Build.0 = Release|Any CPU
		{9DA23E02-F822-4A7A-8777-857B2A48175E}.XDEBUG|x64.ActiveCfg = Release|Any CPU
		{9DA23E02-F822-4A7A-8777-857B2A48175E}.XDEBUG|x64.Build.0 = Release|Any CPU
		{C7EBD676-248B-484A-A5CB-DF879670652A}.Debug|Any CPU.ActiveCfg = Debug|Any CPU
		{C7EBD676-248B-484A-A5CB-DF879670652A}.Debug|Any CPU.Build.0 = Debug|Any CPU
		{C7EBD676-248B-484A-A5CB-DF879670652A}.Debug|x64.ActiveCfg = Debug|x64
		{C7EBD676-248B-484A-A5CB-DF879670652A}.Debug|x64.Build.0 = Debug|x64
		{C7EBD676-248B-484A-A5CB-DF879670652A}.Release 3.0|Any CPU.ActiveCfg = Release 3.0|Any CPU
		{C7EBD676-248B-484A-A5CB-DF879670652A}.Release 3.0|Any CPU.Build.0 = Release 3.0|Any CPU
		{C7EBD676-248B-484A-A5CB-DF879670652A}.Release 3.0|x64.ActiveCfg = Release 3.0|x64
		{C7EBD676-248B-484A-A5CB-DF879670652A}.Release 3.0|x64.Build.0 = Release 3.0|x64
		{C7EBD676-248B-484A-A5CB-DF879670652A}.Release 3.5|Any CPU.ActiveCfg = Release 3.5|Any CPU
		{C7EBD676-248B-484A-A5CB-DF879670652A}.Release 3.5|Any CPU.Build.0 = Release 3.5|Any CPU
		{C7EBD676-248B-484A-A5CB-DF879670652A}.Release 3.5|x64.ActiveCfg = Release 3.5|x64
		{C7EBD676-248B-484A-A5CB-DF879670652A}.Release 3.5|x64.Build.0 = Release 3.5|x64
		{C7EBD676-248B-484A-A5CB-DF879670652A}.Release 4.0|Any CPU.ActiveCfg = Release 4.0|Any CPU
		{C7EBD676-248B-484A-A5CB-DF879670652A}.Release 4.0|Any CPU.Build.0 = Release 4.0|Any CPU
		{C7EBD676-248B-484A-A5CB-DF879670652A}.Release 4.0|x64.ActiveCfg = Release 4.0|x64
		{C7EBD676-248B-484A-A5CB-DF879670652A}.Release 4.0|x64.Build.0 = Release 4.0|x64
		{C7EBD676-248B-484A-A5CB-DF879670652A}.Release|Any CPU.ActiveCfg = Release|Any CPU
		{C7EBD676-248B-484A-A5CB-DF879670652A}.Release|Any CPU.Build.0 = Release|Any CPU
		{C7EBD676-248B-484A-A5CB-DF879670652A}.Release|x64.ActiveCfg = Release|x64
		{C7EBD676-248B-484A-A5CB-DF879670652A}.Release|x64.Build.0 = Release|x64
		{C7EBD676-248B-484A-A5CB-DF879670652A}.XDEBUG|Any CPU.ActiveCfg = XDEBUG|Any CPU
		{C7EBD676-248B-484A-A5CB-DF879670652A}.XDEBUG|Any CPU.Build.0 = XDEBUG|Any CPU
		{C7EBD676-248B-484A-A5CB-DF879670652A}.XDEBUG|x64.ActiveCfg = XDEBUG|x64
		{C7EBD676-248B-484A-A5CB-DF879670652A}.XDEBUG|x64.Build.0 = XDEBUG|x64
		{0537D08C-3A73-4F2A-866B-2219E6A336DE}.Debug|Any CPU.ActiveCfg = Debug|Any CPU
		{0537D08C-3A73-4F2A-866B-2219E6A336DE}.Debug|Any CPU.Build.0 = Debug|Any CPU
		{0537D08C-3A73-4F2A-866B-2219E6A336DE}.Debug|x64.ActiveCfg = Debug|Any CPU
		{0537D08C-3A73-4F2A-866B-2219E6A336DE}.Debug|x64.Build.0 = Debug|Any CPU
		{0537D08C-3A73-4F2A-866B-2219E6A336DE}.Release 3.0|Any CPU.ActiveCfg = Release 3.0|Any CPU
		{0537D08C-3A73-4F2A-866B-2219E6A336DE}.Release 3.0|Any CPU.Build.0 = Release 3.0|Any CPU
		{0537D08C-3A73-4F2A-866B-2219E6A336DE}.Release 3.0|x64.ActiveCfg = Release 3.0|Any CPU
		{0537D08C-3A73-4F2A-866B-2219E6A336DE}.Release 3.0|x64.Build.0 = Release 3.0|Any CPU
		{0537D08C-3A73-4F2A-866B-2219E6A336DE}.Release 3.5|Any CPU.ActiveCfg = Release 3.5|Any CPU
		{0537D08C-3A73-4F2A-866B-2219E6A336DE}.Release 3.5|Any CPU.Build.0 = Release 3.5|Any CPU
		{0537D08C-3A73-4F2A-866B-2219E6A336DE}.Release 3.5|x64.ActiveCfg = Release 3.5|Any CPU
		{0537D08C-3A73-4F2A-866B-2219E6A336DE}.Release 3.5|x64.Build.0 = Release 3.5|Any CPU
		{0537D08C-3A73-4F2A-866B-2219E6A336DE}.Release 4.0|Any CPU.ActiveCfg = Release 4.0|Any CPU
		{0537D08C-3A73-4F2A-866B-2219E6A336DE}.Release 4.0|Any CPU.Build.0 = Release 4.0|Any CPU
		{0537D08C-3A73-4F2A-866B-2219E6A336DE}.Release 4.0|x64.ActiveCfg = Release 4.0|Any CPU
		{0537D08C-3A73-4F2A-866B-2219E6A336DE}.Release 4.0|x64.Build.0 = Release 4.0|Any CPU
		{0537D08C-3A73-4F2A-866B-2219E6A336DE}.Release|Any CPU.ActiveCfg = Release|Any CPU
		{0537D08C-3A73-4F2A-866B-2219E6A336DE}.Release|Any CPU.Build.0 = Release|Any CPU
		{0537D08C-3A73-4F2A-866B-2219E6A336DE}.Release|x64.ActiveCfg = Release|Any CPU
		{0537D08C-3A73-4F2A-866B-2219E6A336DE}.Release|x64.Build.0 = Release|Any CPU
		{0537D08C-3A73-4F2A-866B-2219E6A336DE}.XDEBUG|Any CPU.ActiveCfg = XDEBUG|Any CPU
		{0537D08C-3A73-4F2A-866B-2219E6A336DE}.XDEBUG|Any CPU.Build.0 = XDEBUG|Any CPU
		{0537D08C-3A73-4F2A-866B-2219E6A336DE}.XDEBUG|x64.ActiveCfg = XDEBUG|Any CPU
		{0537D08C-3A73-4F2A-866B-2219E6A336DE}.XDEBUG|x64.Build.0 = XDEBUG|Any CPU
	EndGlobalSection
	GlobalSection(SolutionProperties) = preSolution
		HideSolutionNode = FALSE
	EndGlobalSection
EndGlobal
